
Microsoft Visual Studio Solution File, Format Version 12.00
# Visual Studio Version 16
VisualStudioVersion = 16.0.31321.278
MinimumVisualStudioVersion = 10.0.40219.1
Project("{FAE04EC0-301F-11D3-BF4B-00C04F79EFBC}") = "SAI-NET", "SAI-NET\SAI-NET.csproj", "{51D0D01F-3D6A-4762-85AB-DDDCE79142F2}"
EndProject
Global
	GlobalSection(SolutionConfigurationPlatforms) = preSolution
		Debug|Any CPU = Debug|Any CPU
		Release|Any CPU = Release|Any CPU
	EndGlobalSection
	GlobalSection(ProjectConfigurationPlatforms) = postSolution
		{51D0D01F-3D6A-4762-85AB-DDDCE79142F2}.Debug|Any CPU.ActiveCfg = Debug|Any CPU
		{51D0D01F-3D6A-4762-85AB-DDDCE79142F2}.Debug|Any CPU.Build.0 = Debug|Any CPU
		{51D0D01F-3D6A-4762-85AB-DDDCE79142F2}.Release|Any CPU.ActiveCfg = Release|Any CPU
		{51D0D01F-3D6A-4762-85AB-DDDCE79142F2}.Release|Any CPU.Build.0 = Release|Any CPU
	EndGlobalSection
	GlobalSection(SolutionProperties) = preSolution
		HideSolutionNode = FALSE
	EndGlobalSection
	GlobalSection(ExtensibilityGlobals) = postSolution
		SolutionGuid = {309D2023-51D4-41AB-9CB7-C4D04E3AC526}
	EndGlobalSection
EndGlobal
